
Microsoft Visual Studio Solution File, Format Version 12.00
# Visual Studio 15
VisualStudioVersion = 15.0.27703.2000
MinimumVisualStudioVersion = 10.0.40219.1
Project("{FAE04EC0-301F-11D3-BF4B-00C04F79EFBC}") = "StockAnalyzer", "StockAnalyzer\StockAnalyzer.csproj", "{22A5197C-ACE4-4D79-B5D7-42BBCA02273D}"
EndProject
Global
	GlobalSection(SolutionConfigurationPlatforms) = preSolution
		Debug|Any CPU = Debug|Any CPU
		Release|Any CPU = Release|Any CPU
	EndGlobalSection
	GlobalSection(ProjectConfigurationPlatforms) = postSolution
		{22A5197C-ACE4-4D79-B5D7-42BBCA02273D}.Debug|Any CPU.ActiveCfg = Debug|Any CPU
		{22A5197C-ACE4-4D79-B5D7-42BBCA02273D}.Debug|Any CPU.Build.0 = Debug|Any CPU
		{22A5197C-ACE4-4D79-B5D7-42BBCA02273D}.Release|Any CPU.ActiveCfg = Release|Any CPU
		{22A5197C-ACE4-4D79-B5D7-42BBCA02273D}.Release|Any CPU.Build.0 = Release|Any CPU
	EndGlobalSection
	GlobalSection(SolutionProperties) = preSolution
		HideSolutionNode = FALSE
	EndGlobalSection
	GlobalSection(ExtensibilityGlobals) = postSolution
		SolutionGuid = {96A1FC0D-F21D-475D-818A-05D290BB64FF}
	EndGlobalSection
EndGlobal
